
Microsoft Visual Studio Solution File, Format Version 12.00
# Visual Studio Version 16
VisualStudioVersion = 16.0.30128.74
MinimumVisualStudioVersion = 10.0.40219.1
Project("{9A19103F-16F7-4668-BE54-9A1E7A4F7556}") = "Domain", "Domain\Domain.csproj", "{9131317C-7F72-445C-BD5A-905702E58045}"
EndProject
Project("{9A19103F-16F7-4668-BE54-9A1E7A4F7556}") = "Infra", "Infra\Infra.csproj", "{F09C868E-3A01-4FB7-8CD3-754FFC984C01}"
EndProject
Project("{9A19103F-16F7-4668-BE54-9A1E7A4F7556}") = "Test", "Test\Test.csproj", "{CC73BD69-EA96-4340-96C6-5C0BC79B8624}"
EndProject
Project("{9A19103F-16F7-4668-BE54-9A1E7A4F7556}") = "Angular", "Angular\Angular.csproj", "{791CE025-2B80-4936-9D3F-55E574963B2D}"
EndProject
Project("{9A19103F-16F7-4668-BE54-9A1E7A4F7556}") = "Api", "Api\Api.csproj", "{CBFD72B3-6395-425A-9594-1969DB81D3AE}"
EndProject
Project("{FAE04EC0-301F-11D3-BF4B-00C04F79EFBC}") = "Web", "Web\Web.csproj", "{D2BA7C42-DB78-48AA-B162-65B88DF66422}"
EndProject
Global
	GlobalSection(SolutionConfigurationPlatforms) = preSolution
		Debug|Any CPU = Debug|Any CPU
		Release|Any CPU = Release|Any CPU
	EndGlobalSection
	GlobalSection(ProjectConfigurationPlatforms) = postSolution
		{9131317C-7F72-445C-BD5A-905702E58045}.Debug|Any CPU.ActiveCfg = Debug|Any CPU
		{9131317C-7F72-445C-BD5A-905702E58045}.Debug|Any CPU.Build.0 = Debug|Any CPU
		{9131317C-7F72-445C-BD5A-905702E58045}.Release|Any CPU.ActiveCfg = Release|Any CPU
		{9131317C-7F72-445C-BD5A-905702E58045}.Release|Any CPU.Build.0 = Release|Any CPU
		{F09C868E-3A01-4FB7-8CD3-754FFC984C01}.Debug|Any CPU.ActiveCfg = Debug|Any CPU
		{F09C868E-3A01-4FB7-8CD3-754FFC984C01}.Debug|Any CPU.Build.0 = Debug|Any CPU
		{F09C868E-3A01-4FB7-8CD3-754FFC984C01}.Release|Any CPU.ActiveCfg = Release|Any CPU
		{F09C868E-3A01-4FB7-8CD3-754FFC984C01}.Release|Any CPU.Build.0 = Release|Any CPU
		{CC73BD69-EA96-4340-96C6-5C0BC79B8624}.Debug|Any CPU.ActiveCfg = Debug|Any CPU
		{CC73BD69-EA96-4340-96C6-5C0BC79B8624}.Debug|Any CPU.Build.0 = Debug|Any CPU
		{CC73BD69-EA96-4340-96C6-5C0BC79B8624}.Release|Any CPU.ActiveCfg = Release|Any CPU
		{CC73BD69-EA96-4340-96C6-5C0BC79B8624}.Release|Any CPU.Build.0 = Release|Any CPU
		{791CE025-2B80-4936-9D3F-55E574963B2D}.Debug|Any CPU.ActiveCfg = Debug|Any CPU
		{791CE025-2B80-4936-9D3F-55E574963B2D}.Debug|Any CPU.Build.0 = Debug|Any CPU
		{791CE025-2B80-4936-9D3F-55E574963B2D}.Release|Any CPU.ActiveCfg = Release|Any CPU
		{791CE025-2B80-4936-9D3F-55E574963B2D}.Release|Any CPU.Build.0 = Release|Any CPU
		{CBFD72B3-6395-425A-9594-1969DB81D3AE}.Debug|Any CPU.ActiveCfg = Debug|Any CPU
		{CBFD72B3-6395-425A-9594-1969DB81D3AE}.Debug|Any CPU.Build.0 = Debug|Any CPU
		{CBFD72B3-6395-425A-9594-1969DB81D3AE}.Release|Any CPU.ActiveCfg = Release|Any CPU
		{CBFD72B3-6395-425A-9594-1969DB81D3AE}.Release|Any CPU.Build.0 = Release|Any CPU
		{D2BA7C42-DB78-48AA-B162-65B88DF66422}.Debug|Any CPU.ActiveCfg = Debug|Any CPU
		{D2BA7C42-DB78-48AA-B162-65B88DF66422}.Debug|Any CPU.Build.0 = Debug|Any CPU
		{D2BA7C42-DB78-48AA-B162-65B88DF66422}.Release|Any CPU.ActiveCfg = Release|Any CPU
		{D2BA7C42-DB78-48AA-B162-65B88DF66422}.Release|Any CPU.Build.0 = Release|Any CPU
	EndGlobalSection
	GlobalSection(SolutionProperties) = preSolution
		HideSolutionNode = FALSE
	EndGlobalSection
	GlobalSection(ExtensibilityGlobals) = postSolution
		SolutionGuid = {5AFA5EF5-C480-4231-830E-B0E26B638EA2}
	EndGlobalSection
EndGlobal
