
Microsoft Visual Studio Solution File, Format Version 12.00
# Visual Studio 15
VisualStudioVersion = 15.0.27703.2018
MinimumVisualStudioVersion = 10.0.40219.1
Project("{2150E333-8FDC-42A3-9474-1A3956D46DE8}") = "API", "API", "{2B733B11-1E2E-4A84-B7B9-20F2947FDEE1}"
EndProject
Project("{2150E333-8FDC-42A3-9474-1A3956D46DE8}") = "WEB", "WEB", "{4ACB77C4-7177-4EC7-908B-365481818DD6}"
EndProject
Project("{2150E333-8FDC-42A3-9474-1A3956D46DE8}") = "3.Infra", "3.Infra", "{4220968D-6667-4091-A232-78619D8929B4}"
EndProject
Project("{2150E333-8FDC-42A3-9474-1A3956D46DE8}") = "2.Domain", "2.Domain", "{4D2B1B5E-871F-429C-9EF4-CEAAD4C4118E}"
EndProject
Project("{2150E333-8FDC-42A3-9474-1A3956D46DE8}") = "1.Service", "1.Service", "{C7987EDB-7E74-4A21-ADA3-7AFF8702D607}"
EndProject
Project("{9A19103F-16F7-4668-BE54-9A1E7A4F7556}") = "Domain", "..\Domain\Domain.csproj", "{9131317C-7F72-445C-BD5A-905702E58045}"
EndProject
Project("{9A19103F-16F7-4668-BE54-9A1E7A4F7556}") = "Infra", "Infra\Infra.csproj", "{F09C868E-3A01-4FB7-8CD3-754FFC984C01}"
EndProject
Project("{9A19103F-16F7-4668-BE54-9A1E7A4F7556}") = "Service", "Service\Service.csproj", "{52C494B2-8C5A-4101-9704-E3CF57A376E8}"
EndProject
Project("{2150E333-8FDC-42A3-9474-1A3956D46DE8}") = "0.Test", "0.Test", "{6EFAA3D2-AA2C-4ACA-B7FC-4CFB3FBE8A6F}"
EndProject
Project("{FAE04EC0-301F-11D3-BF4B-00C04F79EFBC}") = "Test", "Test\Test.csproj", "{CC73BD69-EA96-4340-96C6-5C0BC79B8624}"
EndProject
Global
	GlobalSection(SolutionConfigurationPlatforms) = preSolution
		Debug|Any CPU = Debug|Any CPU
		Release|Any CPU = Release|Any CPU
	EndGlobalSection
	GlobalSection(ProjectConfigurationPlatforms) = postSolution
		{9131317C-7F72-445C-BD5A-905702E58045}.Debug|Any CPU.ActiveCfg = Debug|Any CPU
		{9131317C-7F72-445C-BD5A-905702E58045}.Debug|Any CPU.Build.0 = Debug|Any CPU
		{9131317C-7F72-445C-BD5A-905702E58045}.Release|Any CPU.ActiveCfg = Release|Any CPU
		{9131317C-7F72-445C-BD5A-905702E58045}.Release|Any CPU.Build.0 = Release|Any CPU
		{F09C868E-3A01-4FB7-8CD3-754FFC984C01}.Debug|Any CPU.ActiveCfg = Debug|Any CPU
		{F09C868E-3A01-4FB7-8CD3-754FFC984C01}.Debug|Any CPU.Build.0 = Debug|Any CPU
		{F09C868E-3A01-4FB7-8CD3-754FFC984C01}.Release|Any CPU.ActiveCfg = Release|Any CPU
		{F09C868E-3A01-4FB7-8CD3-754FFC984C01}.Release|Any CPU.Build.0 = Release|Any CPU
		{52C494B2-8C5A-4101-9704-E3CF57A376E8}.Debug|Any CPU.ActiveCfg = Debug|Any CPU
		{52C494B2-8C5A-4101-9704-E3CF57A376E8}.Debug|Any CPU.Build.0 = Debug|Any CPU
		{52C494B2-8C5A-4101-9704-E3CF57A376E8}.Release|Any CPU.ActiveCfg = Release|Any CPU
		{52C494B2-8C5A-4101-9704-E3CF57A376E8}.Release|Any CPU.Build.0 = Release|Any CPU
		{CC73BD69-EA96-4340-96C6-5C0BC79B8624}.Debug|Any CPU.ActiveCfg = Debug|Any CPU
		{CC73BD69-EA96-4340-96C6-5C0BC79B8624}.Debug|Any CPU.Build.0 = Debug|Any CPU
		{CC73BD69-EA96-4340-96C6-5C0BC79B8624}.Release|Any CPU.ActiveCfg = Release|Any CPU
		{CC73BD69-EA96-4340-96C6-5C0BC79B8624}.Release|Any CPU.Build.0 = Release|Any CPU
	EndGlobalSection
	GlobalSection(SolutionProperties) = preSolution
		HideSolutionNode = FALSE
	EndGlobalSection
	GlobalSection(NestedProjects) = preSolution
		{4220968D-6667-4091-A232-78619D8929B4} = {2B733B11-1E2E-4A84-B7B9-20F2947FDEE1}
		{4D2B1B5E-871F-429C-9EF4-CEAAD4C4118E} = {2B733B11-1E2E-4A84-B7B9-20F2947FDEE1}
		{C7987EDB-7E74-4A21-ADA3-7AFF8702D607} = {2B733B11-1E2E-4A84-B7B9-20F2947FDEE1}
		{9131317C-7F72-445C-BD5A-905702E58045} = {4D2B1B5E-871F-429C-9EF4-CEAAD4C4118E}
		{F09C868E-3A01-4FB7-8CD3-754FFC984C01} = {4220968D-6667-4091-A232-78619D8929B4}
		{52C494B2-8C5A-4101-9704-E3CF57A376E8} = {C7987EDB-7E74-4A21-ADA3-7AFF8702D607}
		{6EFAA3D2-AA2C-4ACA-B7FC-4CFB3FBE8A6F} = {2B733B11-1E2E-4A84-B7B9-20F2947FDEE1}
		{CC73BD69-EA96-4340-96C6-5C0BC79B8624} = {6EFAA3D2-AA2C-4ACA-B7FC-4CFB3FBE8A6F}
	EndGlobalSection
	GlobalSection(ExtensibilityGlobals) = postSolution
		SolutionGuid = {B5A996C2-EFE4-4C65-B953-F4AE37E6BC90}
	EndGlobalSection
EndGlobal
